<Solution>
  <Project Path="src/MeatyTimes.ApiService/MeatyTimes.ApiService.csproj" />
  <Project Path="src/MeatyTimes.AppHost/MeatyTimes.AppHost.csproj" />
  <Project Path="src/MeatyTimes.ServiceDefaults/MeatyTimes.ServiceDefaults.csproj" />
  <Project Path="src/MeatyTimes.Web/MeatyTimes.Web.csproj" />
  <Project Path="tests/MeatyTimes.Tests/MeatyTimes.Tests.csproj" />
</Solution>
